
Microsoft Visual Studio Solution File, Format Version 12.00
# Visual Studio Version 17
VisualStudioVersion = 17.11.35303.130
MinimumVisualStudioVersion = 10.0.40219.1
Project("{FAE04EC0-301F-11D3-BF4B-00C04F79EFBC}") = "Parts", "Parts\Parts.csproj", "{D28E115D-A36A-4974-A719-56385BD11B51}"
EndProject
Project("{FAE04EC0-301F-11D3-BF4B-00C04F79EFBC}") = "Core", "Core\Core.csproj", "{696CFA84-C476-4799-BFBD-0D96CB039FF2}"
EndProject
Global
	GlobalSection(SolutionConfigurationPlatforms) = preSolution
		Debug|Any CPU = Debug|Any CPU
		Release|Any CPU = Release|Any CPU
	EndGlobalSection
	GlobalSection(ProjectConfigurationPlatforms) = postSolution
		{D28E115D-A36A-4974-A719-56385BD11B51}.Debug|Any CPU.ActiveCfg = Debug|Any CPU
		{D28E115D-A36A-4974-A719-56385BD11B51}.Debug|Any CPU.Build.0 = Debug|Any CPU
		{D28E115D-A36A-4974-A719-56385BD11B51}.Release|Any CPU.ActiveCfg = Release|Any CPU
		{D28E115D-A36A-4974-A719-56385BD11B51}.Release|Any CPU.Build.0 = Release|Any CPU
		{696CFA84-C476-4799-BFBD-0D96CB039FF2}.Debug|Any CPU.ActiveCfg = Debug|Any CPU
		{696CFA84-C476-4799-BFBD-0D96CB039FF2}.Debug|Any CPU.Build.0 = Debug|Any CPU
		{696CFA84-C476-4799-BFBD-0D96CB039FF2}.Release|Any CPU.ActiveCfg = Release|Any CPU
		{696CFA84-C476-4799-BFBD-0D96CB039FF2}.Release|Any CPU.Build.0 = Release|Any CPU
	EndGlobalSection
	GlobalSection(SolutionProperties) = preSolution
		HideSolutionNode = FALSE
	EndGlobalSection
	GlobalSection(ExtensibilityGlobals) = postSolution
		SolutionGuid = {83D17857-8E7F-4335-9500-EEDB481BF353}
	EndGlobalSection
EndGlobal
