
Microsoft Visual Studio Solution File, Format Version 12.00
# Visual Studio Version 17
VisualStudioVersion = 17.11.35303.130
MinimumVisualStudioVersion = 10.0.40219.1
Project("{FAE04EC0-301F-11D3-BF4B-00C04F79EFBC}") = "Audit Goggles", "Audit Goggles\Audit Goggles.csproj", "{CA9C6622-85DF-4A7C-B38D-5436AA9F9AE0}"
EndProject
Project("{2150E333-8FDC-42A3-9474-1A3956D46DE8}") = "Libraries", "Libraries", "{613609CC-47F2-4A54-9776-7877639C402C}"
EndProject
Project("{FAE04EC0-301F-11D3-BF4B-00C04F79EFBC}") = "Parts", "..\Libraries\Parts\Parts.csproj", "{D28E115D-A36A-4974-A719-56385BD11B51}"
EndProject
Project("{FAE04EC0-301F-11D3-BF4B-00C04F79EFBC}") = "Core", "..\Libraries\Core\Core.csproj", "{696CFA84-C476-4799-BFBD-0D96CB039FF2}"
EndProject
Project("{FAE04EC0-301F-11D3-BF4B-00C04F79EFBC}") = "Xrm", "..\Libraries\Xrm\Xrm.csproj", "{523121E7-892A-4B52-9BCD-1BB4F44C56F0}"
EndProject
Project("{FAE04EC0-301F-11D3-BF4B-00C04F79EFBC}") = "Json", "..\Libraries\Json\Json.csproj", "{325723FA-DE1A-4DF9-8978-A11A2BB5805C}"
EndProject
Project("{FAE04EC0-301F-11D3-BF4B-00C04F79EFBC}") = "XrmContext", "..\Libraries\XrmContext\XrmContext.csproj", "{9F8911A9-C389-48A7-ACDD-043133694A75}"
EndProject
Project("{FAE04EC0-301F-11D3-BF4B-00C04F79EFBC}") = "XrmParts", "..\Libraries\XrmParts\XrmParts.csproj", "{CD14155B-035E-4F17-B03C-392A74096675}"
EndProject
Global
	GlobalSection(SolutionConfigurationPlatforms) = preSolution
		Debug|Any CPU = Debug|Any CPU
		Release|Any CPU = Release|Any CPU
	EndGlobalSection
	GlobalSection(ProjectConfigurationPlatforms) = postSolution
		{CA9C6622-85DF-4A7C-B38D-5436AA9F9AE0}.Debug|Any CPU.ActiveCfg = Debug|Any CPU
		{CA9C6622-85DF-4A7C-B38D-5436AA9F9AE0}.Debug|Any CPU.Build.0 = Debug|Any CPU
		{CA9C6622-85DF-4A7C-B38D-5436AA9F9AE0}.Release|Any CPU.ActiveCfg = Release|Any CPU
		{CA9C6622-85DF-4A7C-B38D-5436AA9F9AE0}.Release|Any CPU.Build.0 = Release|Any CPU
		{D28E115D-A36A-4974-A719-56385BD11B51}.Debug|Any CPU.ActiveCfg = Debug|Any CPU
		{D28E115D-A36A-4974-A719-56385BD11B51}.Debug|Any CPU.Build.0 = Debug|Any CPU
		{D28E115D-A36A-4974-A719-56385BD11B51}.Release|Any CPU.ActiveCfg = Release|Any CPU
		{D28E115D-A36A-4974-A719-56385BD11B51}.Release|Any CPU.Build.0 = Release|Any CPU
		{696CFA84-C476-4799-BFBD-0D96CB039FF2}.Debug|Any CPU.ActiveCfg = Debug|Any CPU
		{696CFA84-C476-4799-BFBD-0D96CB039FF2}.Debug|Any CPU.Build.0 = Debug|Any CPU
		{696CFA84-C476-4799-BFBD-0D96CB039FF2}.Release|Any CPU.ActiveCfg = Release|Any CPU
		{696CFA84-C476-4799-BFBD-0D96CB039FF2}.Release|Any CPU.Build.0 = Release|Any CPU
		{523121E7-892A-4B52-9BCD-1BB4F44C56F0}.Debug|Any CPU.ActiveCfg = Debug|Any CPU
		{523121E7-892A-4B52-9BCD-1BB4F44C56F0}.Debug|Any CPU.Build.0 = Debug|Any CPU
		{523121E7-892A-4B52-9BCD-1BB4F44C56F0}.Release|Any CPU.ActiveCfg = Release|Any CPU
		{523121E7-892A-4B52-9BCD-1BB4F44C56F0}.Release|Any CPU.Build.0 = Release|Any CPU
		{325723FA-DE1A-4DF9-8978-A11A2BB5805C}.Debug|Any CPU.ActiveCfg = Debug|Any CPU
		{325723FA-DE1A-4DF9-8978-A11A2BB5805C}.Debug|Any CPU.Build.0 = Debug|Any CPU
		{325723FA-DE1A-4DF9-8978-A11A2BB5805C}.Release|Any CPU.ActiveCfg = Release|Any CPU
		{325723FA-DE1A-4DF9-8978-A11A2BB5805C}.Release|Any CPU.Build.0 = Release|Any CPU
		{9F8911A9-C389-48A7-ACDD-043133694A75}.Debug|Any CPU.ActiveCfg = Debug|Any CPU
		{9F8911A9-C389-48A7-ACDD-043133694A75}.Release|Any CPU.ActiveCfg = Release|Any CPU
		{CD14155B-035E-4F17-B03C-392A74096675}.Debug|Any CPU.ActiveCfg = Debug|Any CPU
		{CD14155B-035E-4F17-B03C-392A74096675}.Debug|Any CPU.Build.0 = Debug|Any CPU
		{CD14155B-035E-4F17-B03C-392A74096675}.Release|Any CPU.ActiveCfg = Release|Any CPU
		{CD14155B-035E-4F17-B03C-392A74096675}.Release|Any CPU.Build.0 = Release|Any CPU
	EndGlobalSection
	GlobalSection(SolutionProperties) = preSolution
		HideSolutionNode = FALSE
	EndGlobalSection
	GlobalSection(NestedProjects) = preSolution
		{D28E115D-A36A-4974-A719-56385BD11B51} = {613609CC-47F2-4A54-9776-7877639C402C}
		{696CFA84-C476-4799-BFBD-0D96CB039FF2} = {613609CC-47F2-4A54-9776-7877639C402C}
		{523121E7-892A-4B52-9BCD-1BB4F44C56F0} = {613609CC-47F2-4A54-9776-7877639C402C}
		{325723FA-DE1A-4DF9-8978-A11A2BB5805C} = {613609CC-47F2-4A54-9776-7877639C402C}
		{9F8911A9-C389-48A7-ACDD-043133694A75} = {613609CC-47F2-4A54-9776-7877639C402C}
		{CD14155B-035E-4F17-B03C-392A74096675} = {613609CC-47F2-4A54-9776-7877639C402C}
	EndGlobalSection
	GlobalSection(ExtensibilityGlobals) = postSolution
		SolutionGuid = {73ECF1EC-7F5E-4125-934C-C591BF97372F}
	EndGlobalSection
EndGlobal
